// !$*UTF8*$!
{
	archiveVersion = 1;
	classes = {
	};
	objectVersion = 77;
	objects = {

/* Begin PBXBuildFile section */
		8EF433702FCBD750007EE5F2 /* MSRS.AppDependencies in Frameworks */ = {isa = PBXBuildFile; productRef = 8EF4336F2FCBD750007EE5F2 /* MSRS.AppDependencies */; };
		8EF433722FCBD750007EE5F2 /* MSRS.AppSceneDelegate in Frameworks */ = {isa = PBXBuildFile; productRef = 8EF433712FCBD750007EE5F2 /* MSRS.AppSceneDelegate */; };
		8EF433742FCBD750007EE5F2 /* MSRS.MediaListeningSRSApp in Frameworks */ = {isa = PBXBuildFile; productRef = 8EF433732FCBD750007EE5F2 /* MSRS.MediaListeningSRSApp */; };
/* End PBXBuildFile section */

/* Begin PBXContainerItemProxy section */
		8EF433362FCBD68B007EE5F2 /* PBXContainerItemProxy */ = {
			isa = PBXContainerItemProxy;
			containerPortal = 8EF4331F2FCBD689007EE5F2 /* Project object */;
			proxyType = 1;
			remoteGlobalIDString = 8EF433262FCBD68A007EE5F2;
			remoteInfo = MediaListeningSRS;
		};
		8EF433402FCBD68B007EE5F2 /* PBXContainerItemProxy */ = {
			isa = PBXContainerItemProxy;
			containerPortal = 8EF4331F2FCBD689007EE5F2 /* Project object */;
			proxyType = 1;
			remoteGlobalIDString = 8EF433262FCBD68A007EE5F2;
			remoteInfo = MediaListeningSRS;
		};
/* End PBXContainerItemProxy section */

/* Begin PBXFileReference section */
		8EF433272FCBD68A007EE5F2 /* MediaListeningSRS.app */ = {isa = PBXFileReference; explicitFileType = wrapper.application; includeInIndex = 0; path = MediaListeningSRS.app; sourceTree = BUILT_PRODUCTS_DIR; };
		8EF433352FCBD68B007EE5F2 /* MediaListeningSRSTests.xctest */ = {isa = PBXFileReference; explicitFileType = wrapper.cfbundle; includeInIndex = 0; path = MediaListeningSRSTests.xctest; sourceTree = BUILT_PRODUCTS_DIR; };
		8EF4333F2FCBD68B007EE5F2 /* MediaListeningSRSUITests.xctest */ = {isa = PBXFileReference; explicitFileType = wrapper.cfbundle; includeInIndex = 0; path = MediaListeningSRSUITests.xctest; sourceTree = BUILT_PRODUCTS_DIR; };
		8EF433A32FCBD936007EE5F2 /* MediaListeningSRSAppOld */ = {isa = PBXFileReference; lastKnownFileType = wrapper; path = MediaListeningSRSAppOld; sourceTree = "<group>"; };
/* End PBXFileReference section */

/* Begin PBXFileSystemSynchronizedBuildFileExceptionSet section */
		8EF434052FCBDD79007EE5F2 /* Exceptions for "MediaListeningSRS" folder in "MediaListeningSRS" target */ = {
			isa = PBXFileSystemSynchronizedBuildFileExceptionSet;
			membershipExceptions = (
				Info.plist,
			);
			target = 8EF433262FCBD68A007EE5F2 /* MediaListeningSRS */;
		};
/* End PBXFileSystemSynchronizedBuildFileExceptionSet section */

/* Begin PBXFileSystemSynchronizedRootGroup section */
		8EF433292FCBD68A007EE5F2 /* MediaListeningSRS */ = {
			isa = PBXFileSystemSynchronizedRootGroup;
			exceptions = (
				8EF434052FCBDD79007EE5F2 /* Exceptions for "MediaListeningSRS" folder in "MediaListeningSRS" target */,
			);
			path = MediaListeningSRS;
			sourceTree = "<group>";
		};
		8EF433382FCBD68B007EE5F2 /* MediaListeningSRSTests */ = {
			isa = PBXFileSystemSynchronizedRootGroup;
			path = MediaListeningSRSTests;
			sourceTree = "<group>";
		};
		8EF433422FCBD68B007EE5F2 /* MediaListeningSRSUITests */ = {
			isa = PBXFileSystemSynchronizedRootGroup;
			path = MediaListeningSRSUITests;
			sourceTree = "<group>";
		};
/* End PBXFileSystemSynchronizedRootGroup section */

/* Begin PBXFrameworksBuildPhase section */
		8EF433242FCBD68A007EE5F2 /* Frameworks */ = {
			isa = PBXFrameworksBuildPhase;
			buildActionMask = 2147483647;
			files = (
				8EF433722FCBD750007EE5F2 /* MSRS.AppSceneDelegate in Frameworks */,
				8EF433742FCBD750007EE5F2 /* MSRS.MediaListeningSRSApp in Frameworks */,
				8EF433702FCBD750007EE5F2 /* MSRS.AppDependencies in Frameworks */,
			);
			runOnlyForDeploymentPostprocessing = 0;
		};
		8EF433322FCBD68B007EE5F2 /* Frameworks */ = {
			isa = PBXFrameworksBuildPhase;
			buildActionMask = 2147483647;
			files = (
			);
			runOnlyForDeploymentPostprocessing = 0;
		};
		8EF4333C2FCBD68B007EE5F2 /* Frameworks */ = {
			isa = PBXFrameworksBuildPhase;
			buildActionMask = 2147483647;
			files = (
			);
			runOnlyForDeploymentPostprocessing = 0;
		};
/* End PBXFrameworksBuildPhase section */

/* Begin PBXGroup section */
		8EF4331E2FCBD689007EE5F2 = {
			isa = PBXGroup;
			children = (
				8EF433A42FCBD936007EE5F2 /* Packages */,
				8EF433292FCBD68A007EE5F2 /* MediaListeningSRS */,
				8EF433382FCBD68B007EE5F2 /* MediaListeningSRSTests */,
				8EF433422FCBD68B007EE5F2 /* MediaListeningSRSUITests */,
				8EF433282FCBD68A007EE5F2 /* Products */,
			);
			sourceTree = "<group>";
		};
		8EF433282FCBD68A007EE5F2 /* Products */ = {
			isa = PBXGroup;
			children = (
				8EF433272FCBD68A007EE5F2 /* MediaListeningSRS.app */,
				8EF433352FCBD68B007EE5F2 /* MediaListeningSRSTests.xctest */,
				8EF4333F2FCBD68B007EE5F2 /* MediaListeningSRSUITests.xctest */,
			);
			name = Products;
			sourceTree = "<group>";
		};
		8EF433A42FCBD936007EE5F2 /* Packages */ = {
			isa = PBXGroup;
			children = (
				8EF433A32FCBD936007EE5F2 /* MediaListeningSRSAppOld */,
			);
			path = Packages;
			sourceTree = "<group>";
		};
/* End PBXGroup section */

/* Begin PBXNativeTarget section */
		8EF433262FCBD68A007EE5F2 /* MediaListeningSRS */ = {
			isa = PBXNativeTarget;
			buildConfigurationList = 8EF433492FCBD68B007EE5F2 /* Build configuration list for PBXNativeTarget "MediaListeningSRS" */;
			buildPhases = (
				8EF433232FCBD68A007EE5F2 /* Sources */,
				8EF433242FCBD68A007EE5F2 /* Frameworks */,
				8EF433252FCBD68A007EE5F2 /* Resources */,
			);
			buildRules = (
			);
			dependencies = (
			);
			fileSystemSynchronizedGroups = (
				8EF433292FCBD68A007EE5F2 /* MediaListeningSRS */,
			);
			name = MediaListeningSRS;
			packageProductDependencies = (
				8EF4336F2FCBD750007EE5F2 /* MSRS.AppDependencies */,
				8EF433712FCBD750007EE5F2 /* MSRS.AppSceneDelegate */,
				8EF433732FCBD750007EE5F2 /* MSRS.MediaListeningSRSApp */,
			);
			productName = MediaListeningSRS;
			productReference = 8EF433272FCBD68A007EE5F2 /* MediaListeningSRS.app */;
			productType = "com.apple.product-type.application";
		};
		8EF433342FCBD68B007EE5F2 /* MediaListeningSRSTests */ = {
			isa = PBXNativeTarget;
			buildConfigurationList = 8EF4334C2FCBD68B007EE5F2 /* Build configuration list for PBXNativeTarget "MediaListeningSRSTests" */;
			buildPhases = (
				8EF433312FCBD68B007EE5F2 /* Sources */,
				8EF433322FCBD68B007EE5F2 /* Frameworks */,
				8EF433332FCBD68B007EE5F2 /* Resources */,
			);
			buildRules = (
			);
			dependencies = (
				8EF433372FCBD68B007EE5F2 /* PBXTargetDependency */,
			);
			fileSystemSynchronizedGroups = (
				8EF433382FCBD68B007EE5F2 /* MediaListeningSRSTests */,
			);
			name = MediaListeningSRSTests;
			packageProductDependencies = (
			);
			productName = MediaListeningSRSTests;
			productReference = 8EF433352FCBD68B007EE5F2 /* MediaListeningSRSTests.xctest */;
			productType = "com.apple.product-type.bundle.unit-test";
		};
		8EF4333E2FCBD68B007EE5F2 /* MediaListeningSRSUITests */ = {
			isa = PBXNativeTarget;
			buildConfigurationList = 8EF4334F2FCBD68B007EE5F2 /* Build configuration list for PBXNativeTarget "MediaListeningSRSUITests" */;
			buildPhases = (
				8EF4333B2FCBD68B007EE5F2 /* Sources */,
				8EF4333C2FCBD68B007EE5F2 /* Frameworks */,
				8EF4333D2FCBD68B007EE5F2 /* Resources */,
			);
			buildRules = (
			);
			dependencies = (
				8EF433412FCBD68B007EE5F2 /* PBXTargetDependency */,
			);
			fileSystemSynchronizedGroups = (
				8EF433422FCBD68B007EE5F2 /* MediaListeningSRSUITests */,
			);
			name = MediaListeningSRSUITests;
			packageProductDependencies = (
			);
			productName = MediaListeningSRSUITests;
			productReference = 8EF4333F2FCBD68B007EE5F2 /* MediaListeningSRSUITests.xctest */;
			productType = "com.apple.product-type.bundle.ui-testing";
		};
/* End PBXNativeTarget section */

/* Begin PBXProject section */
		8EF4331F2FCBD689007EE5F2 /* Project object */ = {
			isa = PBXProject;
			attributes = {
				BuildIndependentTargetsInParallel = 1;
				LastSwiftUpdateCheck = 1640;
				LastUpgradeCheck = 1640;
				TargetAttributes = {
					8EF433262FCBD68A007EE5F2 = {
						CreatedOnToolsVersion = 16.4;
					};
					8EF433342FCBD68B007EE5F2 = {
						CreatedOnToolsVersion = 16.4;
						TestTargetID = 8EF433262FCBD68A007EE5F2;
					};
					8EF4333E2FCBD68B007EE5F2 = {
						CreatedOnToolsVersion = 16.4;
						TestTargetID = 8EF433262FCBD68A007EE5F2;
					};
				};
			};
			buildConfigurationList = 8EF433222FCBD689007EE5F2 /* Build configuration list for PBXProject "MediaListeningSRS" */;
			developmentRegion = en;
			hasScannedForEncodings = 0;
			knownRegions = (
				en,
				Base,
			);
			mainGroup = 8EF4331E2FCBD689007EE5F2;
			minimizedProjectReferenceProxies = 1;
			packageReferences = (
			);
			preferredProjectObjectVersion = 77;
			productRefGroup = 8EF433282FCBD68A007EE5F2 /* Products */;
			projectDirPath = "";
			projectRoot = "";
			targets = (
				8EF433262FCBD68A007EE5F2 /* MediaListeningSRS */,
				8EF433342FCBD68B007EE5F2 /* MediaListeningSRSTests */,
				8EF4333E2FCBD68B007EE5F2 /* MediaListeningSRSUITests */,
			);
		};
/* End PBXProject section */

/* Begin PBXResourcesBuildPhase section */
		8EF433252FCBD68A007EE5F2 /* Resources */ = {
			isa = PBXResourcesBuildPhase;
			buildActionMask = 2147483647;
			files = (
			);
			runOnlyForDeploymentPostprocessing = 0;
		};
		8EF433332FCBD68B007EE5F2 /* Resources */ = {
			isa = PBXResourcesBuildPhase;
			buildActionMask = 2147483647;
			files = (
			);
			runOnlyForDeploymentPostprocessing = 0;
		};
		8EF4333D2FCBD68B007EE5F2 /* Resources */ = {
			isa = PBXResourcesBuildPhase;
			buildActionMask = 2147483647;
			files = (
			);
			runOnlyForDeploymentPostprocessing = 0;
		};
/* End PBXResourcesBuildPhase section */

/* Begin PBXSourcesBuildPhase section */
		8EF433232FCBD68A007EE5F2 /* Sources */ = {
			isa = PBXSourcesBuildPhase;
			buildActionMask = 2147483647;
			files = (
			);
			runOnlyForDeploymentPostprocessing = 0;
		};
		8EF433312FCBD68B007EE5F2 /* Sources */ = {
			isa = PBXSourcesBuildPhase;
			buildActionMask = 2147483647;
			files = (
			);
			runOnlyForDeploymentPostprocessing = 0;
		};
		8EF4333B2FCBD68B007EE5F2 /* Sources */ = {
			isa = PBXSourcesBuildPhase;
			buildActionMask = 2147483647;
			files = (
			);
			runOnlyForDeploymentPostprocessing = 0;
		};
/* End PBXSourcesBuildPhase section */

/* Begin PBXTargetDependency section */
		8EF433372FCBD68B007EE5F2 /* PBXTargetDependency */ = {
			isa = PBXTargetDependency;
			target = 8EF433262FCBD68A007EE5F2 /* MediaListeningSRS */;
			targetProxy = 8EF433362FCBD68B007EE5F2 /* PBXContainerItemProxy */;
		};
		8EF433412FCBD68B007EE5F2 /* PBXTargetDependency */ = {
			isa = PBXTargetDependency;
			target = 8EF433262FCBD68A007EE5F2 /* MediaListeningSRS */;
			targetProxy = 8EF433402FCBD68B007EE5F2 /* PBXContainerItemProxy */;
		};
/* End PBXTargetDependency section */

/* Begin XCBuildConfiguration section */
		8EF433472FCBD68B007EE5F2 /* Debug */ = {
			isa = XCBuildConfiguration;
			buildSettings = {
				ALWAYS_SEARCH_USER_PATHS = NO;
				ASSETCATALOG_COMPILER_GENERATE_SWIFT_ASSET_SYMBOL_EXTENSIONS = YES;
				CLANG_ANALYZER_NONNULL = YES;
				CLANG_ANALYZER_NUMBER_OBJECT_CONVERSION = YES_AGGRESSIVE;
				CLANG_CXX_LANGUAGE_STANDARD = "gnu++20";
				CLANG_ENABLE_MODULES = YES;
				CLANG_ENABLE_OBJC_ARC = YES;
				CLANG_ENABLE_OBJC_WEAK = YES;
				CLANG_WARN_BLOCK_CAPTURE_AUTORELEASING = YES;
				CLANG_WARN_BOOL_CONVERSION = YES;
				CLANG_WARN_COMMA = YES;
				CLANG_WARN_CONSTANT_CONVERSION = YES;
				CLANG_WARN_DEPRECATED_OBJC_IMPLEMENTATIONS = YES;
				CLANG_WARN_DIRECT_OBJC_ISA_USAGE = YES_ERROR;
				CLANG_WARN_DOCUMENTATION_COMMENTS = YES;
				CLANG_WARN_EMPTY_BODY = YES;
				CLANG_WARN_ENUM_CONVERSION = YES;
				CLANG_WARN_INFINITE_RECURSION = YES;
				CLANG_WARN_INT_CONVERSION = YES;
				CLANG_WARN_NON_LITERAL_NULL_CONVERSION = YES;
				CLANG_WARN_OBJC_IMPLICIT_RETAIN_SELF = YES;
				CLANG_WARN_OBJC_LITERAL_CONVERSION = YES;
				CLANG_WARN_OBJC_ROOT_CLASS = YES_ERROR;
				CLANG_WARN_QUOTED_INCLUDE_IN_FRAMEWORK_HEADER = YES;
				CLANG_WARN_RANGE_LOOP_ANALYSIS = YES;
				CLANG_WARN_STRICT_PROTOTYPES = YES;
				CLANG_WARN_SUSPICIOUS_MOVE = YES;
				CLANG_WARN_UNGUARDED_AVAILABILITY = YES_AGGRESSIVE;
				CLANG_WARN_UNREACHABLE_CODE = YES;
				CLANG_WARN__DUPLICATE_METHOD_MATCH = YES;
				COPY_PHASE_STRIP = NO;
				DEBUG_INFORMATION_FORMAT = dwarf;
				DEVELOPMENT_TEAM = PAGG8XDJQQ;
				ENABLE_STRICT_OBJC_MSGSEND = YES;
				ENABLE_TESTABILITY = YES;
				ENABLE_USER_SCRIPT_SANDBOXING = YES;
				GCC_C_LANGUAGE_STANDARD = gnu17;
				GCC_DYNAMIC_NO_PIC = NO;
				GCC_NO_COMMON_BLOCKS = YES;
				GCC_OPTIMIZATION_LEVEL = 0;
				GCC_PREPROCESSOR_DEFINITIONS = (
					"DEBUG=1",
					"$(inherited)",
				);
				GCC_WARN_64_TO_32_BIT_CONVERSION = YES;
				GCC_WARN_ABOUT_RETURN_TYPE = YES_ERROR;
				GCC_WARN_UNDECLARED_SELECTOR = YES;
				GCC_WARN_UNINITIALIZED_AUTOS = YES_AGGRESSIVE;
				GCC_WARN_UNUSED_FUNCTION = YES;
				GCC_WARN_UNUSED_VARIABLE = YES;
				LOCALIZATION_PREFERS_STRING_CATALOGS = YES;
				MTL_ENABLE_DEBUG_INFO = INCLUDE_SOURCE;
				MTL_FAST_MATH = YES;
				ONLY_ACTIVE_ARCH = YES;
				SWIFT_ACTIVE_COMPILATION_CONDITIONS = "DEBUG $(inherited)";
				SWIFT_OPTIMIZATION_LEVEL = "-Onone";
			};
			name = Debug;
		};
		8EF433482FCBD68B007EE5F2 /* Release */ = {
			isa = XCBuildConfiguration;
			buildSettings = {
				ALWAYS_SEARCH_USER_PATHS = NO;
				ASSETCATALOG_COMPILER_GENERATE_SWIFT_ASSET_SYMBOL_EXTENSIONS = YES;
				CLANG_ANALYZER_NONNULL = YES;
				CLANG_ANALYZER_NUMBER_OBJECT_CONVERSION = YES_AGGRESSIVE;
				CLANG_CXX_LANGUAGE_STANDARD = "gnu++20";
				CLANG_ENABLE_MODULES = YES;
				CLANG_ENABLE_OBJC_ARC = YES;
				CLANG_ENABLE_OBJC_WEAK = YES;
				CLANG_WARN_BLOCK_CAPTURE_AUTORELEASING = YES;
				CLANG_WARN_BOOL_CONVERSION = YES;
				CLANG_WARN_COMMA = YES;
				CLANG_WARN_CONSTANT_CONVERSION = YES;
				CLANG_WARN_DEPRECATED_OBJC_IMPLEMENTATIONS = YES;
				CLANG_WARN_DIRECT_OBJC_ISA_USAGE = YES_ERROR;
				CLANG_WARN_DOCUMENTATION_COMMENTS = YES;
				CLANG_WARN_EMPTY_BODY = YES;
				CLANG_WARN_ENUM_CONVERSION = YES;
				CLANG_WARN_INFINITE_RECURSION = YES;
				CLANG_WARN_INT_CONVERSION = YES;
				CLANG_WARN_NON_LITERAL_NULL_CONVERSION = YES;
				CLANG_WARN_OBJC_IMPLICIT_RETAIN_SELF = YES;
				CLANG_WARN_OBJC_LITERAL_CONVERSION = YES;
				CLANG_WARN_OBJC_ROOT_CLASS = YES_ERROR;
				CLANG_WARN_QUOTED_INCLUDE_IN_FRAMEWORK_HEADER = YES;
				CLANG_WARN_RANGE_LOOP_ANALYSIS = YES;
				CLANG_WARN_STRICT_PROTOTYPES = YES;
				CLANG_WARN_SUSPICIOUS_MOVE = YES;
				CLANG_WARN_UNGUARDED_AVAILABILITY = YES_AGGRESSIVE;
				CLANG_WARN_UNREACHABLE_CODE = YES;
				CLANG_WARN__DUPLICATE_METHOD_MATCH = YES;
				COPY_PHASE_STRIP = NO;
				DEBUG_INFORMATION_FORMAT = "dwarf-with-dsym";
				DEVELOPMENT_TEAM = PAGG8XDJQQ;
				ENABLE_NS_ASSERTIONS = NO;
				ENABLE_STRICT_OBJC_MSGSEND = YES;
				ENABLE_USER_SCRIPT_SANDBOXING = YES;
				GCC_C_LANGUAGE_STANDARD = gnu17;
				GCC_NO_COMMON_BLOCKS = YES;
				GCC_WARN_64_TO_32_BIT_CONVERSION = YES;
				GCC_WARN_ABOUT_RETURN_TYPE = YES_ERROR;
				GCC_WARN_UNDECLARED_SELECTOR = YES;
				GCC_WARN_UNINITIALIZED_AUTOS = YES_AGGRESSIVE;
				GCC_WARN_UNUSED_FUNCTION = YES;
				GCC_WARN_UNUSED_VARIABLE = YES;
				LOCALIZATION_PREFERS_STRING_CATALOGS = YES;
				MTL_ENABLE_DEBUG_INFO = NO;
				MTL_FAST_MATH = YES;
				SWIFT_COMPILATION_MODE = wholemodule;
			};
			name = Release;
		};
		8EF4334A2FCBD68B007EE5F2 /* Debug */ = {
			isa = XCBuildConfiguration;
			buildSettings = {
				ASSETCATALOG_COMPILER_APPICON_NAME = AppIcon;
				ASSETCATALOG_COMPILER_GLOBAL_ACCENT_COLOR_NAME = AccentColor;
				CODE_SIGN_ENTITLEMENTS = MediaListeningSRS/MediaListeningSRS.entitlements;
				CODE_SIGN_STYLE = Automatic;
				CURRENT_PROJECT_VERSION = 1;
				DEVELOPMENT_TEAM = PAGG8XDJQQ;
				ENABLE_HARDENED_RUNTIME = YES;
				ENABLE_PREVIEWS = YES;
				GENERATE_INFOPLIST_FILE = YES;
				INFOPLIST_FILE = MediaListeningSRS/Info.plist;
				"INFOPLIST_KEY_UIApplicationSupportsIndirectInputEvents[sdk=iphoneos*]" = YES;
				"INFOPLIST_KEY_UIApplicationSupportsIndirectInputEvents[sdk=iphonesimulator*]" = YES;
				"INFOPLIST_KEY_UILaunchScreen_Generation[sdk=iphoneos*]" = YES;
				"INFOPLIST_KEY_UILaunchScreen_Generation[sdk=iphonesimulator*]" = YES;
				"INFOPLIST_KEY_UIStatusBarStyle[sdk=iphoneos*]" = UIStatusBarStyleDefault;
				"INFOPLIST_KEY_UIStatusBarStyle[sdk=iphonesimulator*]" = UIStatusBarStyleDefault;
				INFOPLIST_KEY_UISupportedInterfaceOrientations_iPad = "UIInterfaceOrientationPortrait UIInterfaceOrientationPortraitUpsideDown UIInterfaceOrientationLandscapeLeft UIInterfaceOrientationLandscapeRight";
				INFOPLIST_KEY_UISupportedInterfaceOrientations_iPhone = "UIInterfaceOrientationPortrait UIInterfaceOrientationLandscapeLeft UIInterfaceOrientationLandscapeRight";
				IPHONEOS_DEPLOYMENT_TARGET = 18.0;
				LD_RUNPATH_SEARCH_PATHS = "@executable_path/Frameworks";
				"LD_RUNPATH_SEARCH_PATHS[sdk=macosx*]" = "@executable_path/../Frameworks";
				MACOSX_DEPLOYMENT_TARGET = 15.5;
				MARKETING_VERSION = 1.0;
				PRODUCT_BUNDLE_IDENTIFIER = com.elixirapps.MediaListeningSRS2;
				PRODUCT_NAME = "$(TARGET_NAME)";
				REGISTER_APP_GROUPS = YES;
				SDKROOT = auto;
				SUPPORTED_PLATFORMS = "iphoneos iphonesimulator xros xrsimulator";
				SUPPORTS_MACCATALYST = YES;
				SWIFT_EMIT_LOC_STRINGS = YES;
				SWIFT_VERSION = 5.0;
				TARGETED_DEVICE_FAMILY = "1,2,7";
				XROS_DEPLOYMENT_TARGET = 2.5;
			};
			name = Debug;
		};
		8EF4334B2FCBD68B007EE5F2 /* Release */ = {
			isa = XCBuildConfiguration;
			buildSettings = {
				ASSETCATALOG_COMPILER_APPICON_NAME = AppIcon;
				ASSETCATALOG_COMPILER_GLOBAL_ACCENT_COLOR_NAME = AccentColor;
				CODE_SIGN_ENTITLEMENTS = MediaListeningSRS/MediaListeningSRS.entitlements;
				CODE_SIGN_STYLE = Automatic;
				CURRENT_PROJECT_VERSION = 1;
				DEVELOPMENT_TEAM = PAGG8XDJQQ;
				ENABLE_HARDENED_RUNTIME = YES;
				ENABLE_PREVIEWS = YES;
				GENERATE_INFOPLIST_FILE = YES;
				INFOPLIST_FILE = MediaListeningSRS/Info.plist;
				"INFOPLIST_KEY_UIApplicationSupportsIndirectInputEvents[sdk=iphoneos*]" = YES;
				"INFOPLIST_KEY_UIApplicationSupportsIndirectInputEvents[sdk=iphonesimulator*]" = YES;
				"INFOPLIST_KEY_UILaunchScreen_Generation[sdk=iphoneos*]" = YES;
				"INFOPLIST_KEY_UILaunchScreen_Generation[sdk=iphonesimulator*]" = YES;
				"INFOPLIST_KEY_UIStatusBarStyle[sdk=iphoneos*]" = UIStatusBarStyleDefault;
				"INFOPLIST_KEY_UIStatusBarStyle[sdk=iphonesimulator*]" = UIStatusBarStyleDefault;
				INFOPLIST_KEY_UISupportedInterfaceOrientations_iPad = "UIInterfaceOrientationPortrait UIInterfaceOrientationPortraitUpsideDown UIInterfaceOrientationLandscapeLeft UIInterfaceOrientationLandscapeRight";
				INFOPLIST_KEY_UISupportedInterfaceOrientations_iPhone = "UIInterfaceOrientationPortrait UIInterfaceOrientationLandscapeLeft UIInterfaceOrientationLandscapeRight";
				IPHONEOS_DEPLOYMENT_TARGET = 18.0;
				LD_RUNPATH_SEARCH_PATHS = "@executable_path/Frameworks";
				"LD_RUNPATH_SEARCH_PATHS[sdk=macosx*]" = "@executable_path/../Frameworks";
				MACOSX_DEPLOYMENT_TARGET = 15.5;
				MARKETING_VERSION = 1.0;
				PRODUCT_BUNDLE_IDENTIFIER = com.elixirapps.MediaListeningSRS2;
				PRODUCT_NAME = "$(TARGET_NAME)";
				REGISTER_APP_GROUPS = YES;
				SDKROOT = auto;
				SUPPORTED_PLATFORMS = "iphoneos iphonesimulator xros xrsimulator";
				SUPPORTS_MACCATALYST = YES;
				SWIFT_EMIT_LOC_STRINGS = YES;
				SWIFT_VERSION = 5.0;
				TARGETED_DEVICE_FAMILY = "1,2,7";
				XROS_DEPLOYMENT_TARGET = 2.5;
			};
			name = Release;
		};
		8EF4334D2FCBD68B007EE5F2 /* Debug */ = {
			isa = XCBuildConfiguration;
			buildSettings = {
				BUNDLE_LOADER = "$(TEST_HOST)";
				CODE_SIGN_STYLE = Automatic;
				CURRENT_PROJECT_VERSION = 1;
				DEVELOPMENT_TEAM = PAGG8XDJQQ;
				GENERATE_INFOPLIST_FILE = YES;
				IPHONEOS_DEPLOYMENT_TARGET = 18.5;
				MACOSX_DEPLOYMENT_TARGET = 15.5;
				MARKETING_VERSION = 1.0;
				PRODUCT_BUNDLE_IDENTIFIER = com.elixirapps.MediaListeningSRSTests;
				PRODUCT_NAME = "$(TARGET_NAME)";
				SDKROOT = auto;
				SUPPORTED_PLATFORMS = "iphoneos iphonesimulator macosx xros xrsimulator";
				SWIFT_EMIT_LOC_STRINGS = NO;
				SWIFT_VERSION = 5.0;
				TARGETED_DEVICE_FAMILY = "1,2,7";
				TEST_HOST = "$(BUILT_PRODUCTS_DIR)/MediaListeningSRS.app/$(BUNDLE_EXECUTABLE_FOLDER_PATH)/MediaListeningSRS";
				XROS_DEPLOYMENT_TARGET = 2.5;
			};
			name = Debug;
		};
		8EF4334E2FCBD68B007EE5F2 /* Release */ = {
			isa = XCBuildConfiguration;
			buildSettings = {
				BUNDLE_LOADER = "$(TEST_HOST)";
				CODE_SIGN_STYLE = Automatic;
				CURRENT_PROJECT_VERSION = 1;
				DEVELOPMENT_TEAM = PAGG8XDJQQ;
				GENERATE_INFOPLIST_FILE = YES;
				IPHONEOS_DEPLOYMENT_TARGET = 18.5;
				MACOSX_DEPLOYMENT_TARGET = 15.5;
				MARKETING_VERSION = 1.0;
				PRODUCT_BUNDLE_IDENTIFIER = com.elixirapps.MediaListeningSRSTests;
				PRODUCT_NAME = "$(TARGET_NAME)";
				SDKROOT = auto;
				SUPPORTED_PLATFORMS = "iphoneos iphonesimulator macosx xros xrsimulator";
				SWIFT_EMIT_LOC_STRINGS = NO;
				SWIFT_VERSION = 5.0;
				TARGETED_DEVICE_FAMILY = "1,2,7";
				TEST_HOST = "$(BUILT_PRODUCTS_DIR)/MediaListeningSRS.app/$(BUNDLE_EXECUTABLE_FOLDER_PATH)/MediaListeningSRS";
				XROS_DEPLOYMENT_TARGET = 2.5;
			};
			name = Release;
		};
		8EF433502FCBD68B007EE5F2 /* Debug */ = {
			isa = XCBuildConfiguration;
			buildSettings = {
				CODE_SIGN_STYLE = Automatic;
				CURRENT_PROJECT_VERSION = 1;
				DEVELOPMENT_TEAM = PAGG8XDJQQ;
				GENERATE_INFOPLIST_FILE = YES;
				IPHONEOS_DEPLOYMENT_TARGET = 18.5;
				MACOSX_DEPLOYMENT_TARGET = 15.5;
				MARKETING_VERSION = 1.0;
				PRODUCT_BUNDLE_IDENTIFIER = com.elixirapps.MediaListeningSRSUITests;
				PRODUCT_NAME = "$(TARGET_NAME)";
				SDKROOT = auto;
				SUPPORTED_PLATFORMS = "iphoneos iphonesimulator macosx xros xrsimulator";
				SWIFT_EMIT_LOC_STRINGS = NO;
				SWIFT_VERSION = 5.0;
				TARGETED_DEVICE_FAMILY = "1,2,7";
				TEST_TARGET_NAME = MediaListeningSRS;
				XROS_DEPLOYMENT_TARGET = 2.5;
			};
			name = Debug;
		};
		8EF433512FCBD68B007EE5F2 /* Release */ = {
			isa = XCBuildConfiguration;
			buildSettings = {
				CODE_SIGN_STYLE = Automatic;
				CURRENT_PROJECT_VERSION = 1;
				DEVELOPMENT_TEAM = PAGG8XDJQQ;
				GENERATE_INFOPLIST_FILE = YES;
				IPHONEOS_DEPLOYMENT_TARGET = 18.5;
				MACOSX_DEPLOYMENT_TARGET = 15.5;
				MARKETING_VERSION = 1.0;
				PRODUCT_BUNDLE_IDENTIFIER = com.elixirapps.MediaListeningSRSUITests;
				PRODUCT_NAME = "$(TARGET_NAME)";
				SDKROOT = auto;
				SUPPORTED_PLATFORMS = "iphoneos iphonesimulator macosx xros xrsimulator";
				SWIFT_EMIT_LOC_STRINGS = NO;
				SWIFT_VERSION = 5.0;
				TARGETED_DEVICE_FAMILY = "1,2,7";
				TEST_TARGET_NAME = MediaListeningSRS;
				XROS_DEPLOYMENT_TARGET = 2.5;
			};
			name = Release;
		};
/* End XCBuildConfiguration section */

/* Begin XCConfigurationList section */
		8EF433222FCBD689007EE5F2 /* Build configuration list for PBXProject "MediaListeningSRS" */ = {
			isa = XCConfigurationList;
			buildConfigurations = (
				8EF433472FCBD68B007EE5F2 /* Debug */,
				8EF433482FCBD68B007EE5F2 /* Release */,
			);
			defaultConfigurationIsVisible = 0;
			defaultConfigurationName = Release;
		};
		8EF433492FCBD68B007EE5F2 /* Build configuration list for PBXNativeTarget "MediaListeningSRS" */ = {
			isa = XCConfigurationList;
			buildConfigurations = (
				8EF4334A2FCBD68B007EE5F2 /* Debug */,
				8EF4334B2FCBD68B007EE5F2 /* Release */,
			);
			defaultConfigurationIsVisible = 0;
			defaultConfigurationName = Release;
		};
		8EF4334C2FCBD68B007EE5F2 /* Build configuration list for PBXNativeTarget "MediaListeningSRSTests" */ = {
			isa = XCConfigurationList;
			buildConfigurations = (
				8EF4334D2FCBD68B007EE5F2 /* Debug */,
				8EF4334E2FCBD68B007EE5F2 /* Release */,
			);
			defaultConfigurationIsVisible = 0;
			defaultConfigurationName = Release;
		};
		8EF4334F2FCBD68B007EE5F2 /* Build configuration list for PBXNativeTarget "MediaListeningSRSUITests" */ = {
			isa = XCConfigurationList;
			buildConfigurations = (
				8EF433502FCBD68B007EE5F2 /* Debug */,
				8EF433512FCBD68B007EE5F2 /* Release */,
			);
			defaultConfigurationIsVisible = 0;
			defaultConfigurationName = Release;
		};
/* End XCConfigurationList section */

/* Begin XCSwiftPackageProductDependency section */
		8EF4336F2FCBD750007EE5F2 /* MSRS.AppDependencies */ = {
			isa = XCSwiftPackageProductDependency;
			productName = MSRS.AppDependencies;
		};
		8EF433712FCBD750007EE5F2 /* MSRS.AppSceneDelegate */ = {
			isa = XCSwiftPackageProductDependency;
			productName = MSRS.AppSceneDelegate;
		};
		8EF433732FCBD750007EE5F2 /* MSRS.MediaListeningSRSApp */ = {
			isa = XCSwiftPackageProductDependency;
			productName = MSRS.MediaListeningSRSApp;
		};
/* End XCSwiftPackageProductDependency section */
	};
	rootObject = 8EF4331F2FCBD689007EE5F2 /* Project object */;
}
